// !$*UTF8*$!
{
	archiveVersion = 1;
	classes = {
	};
	objectVersion = 46;
	objects = {

/* Begin PBXBuildFile section */
		924574FD1D602D2300A59374 /* AppDelegate.swift in Sources */ = {isa = PBXBuildFile; fileRef = 924574FC1D602D2300A59374 /* AppDelegate.swift */; };
		924574FF1D602D2300A59374 /* GameScene.sks in Resources */ = {isa = PBXBuildFile; fileRef = 924574FE1D602D2300A59374 /* GameScene.sks */; };
		924575011D602D2300A59374 /* GameScene.swift in Sources */ = {isa = PBXBuildFile; fileRef = 924575001D602D2300A59374 /* GameScene.swift */; };
		924575031D602D2300A59374 /* GameViewController.swift in Sources */ = {isa = PBXBuildFile; fileRef = 924575021D602D2300A59374 /* GameViewController.swift */; };
		924575061D602D2300A59374 /* Main.storyboard in Resources */ = {isa = PBXBuildFile; fileRef = 924575041D602D2300A59374 /* Main.storyboard */; };
		924575081D602D2300A59374 /* Assets.xcassets in Resources */ = {isa = PBXBuildFile; fileRef = 924575071D602D2300A59374 /* Assets.xcassets */; };
		9245750B1D602D2300A59374 /* LaunchScreen.storyboard in Resources */ = {isa = PBXBuildFile; fileRef = 924575091D602D2300A59374 /* LaunchScreen.storyboard */; };
/* End PBXBuildFile section */

/* Begin PBXFileReference section */
		924574F91D602D2200A59374 /* TheSimpleGame.app */ = {isa = PBXFileReference; explicitFileType = wrapper.application; includeInIndex = 0; path = TheSimpleGame.app; sourceTree = BUILT_PRODUCTS_DIR; };
		924574FC1D602D2300A59374 /* AppDelegate.swift */ = {isa = PBXFileReference; lastKnownFileType = sourcecode.swift; path = AppDelegate.swift; sourceTree = "<group>"; };
		924574FE1D602D2300A59374 /* GameScene.sks */ = {isa = PBXFileReference; lastKnownFileType = file.sks; path = GameScene.sks; sourceTree = "<group>"; };
		924575001D602D2300A59374 /* GameScene.swift */ = {isa = PBXFileReference; lastKnownFileType = sourcecode.swift; path = GameScene.swift; sourceTree = "<group>"; };
		924575021D602D2300A59374 /* GameViewController.swift */ = {isa = PBXFileReference; lastKnownFileType = sourcecode.swift; path = GameViewController.swift; sourceTree = "<group>"; };
		924575051D602D2300A59374 /* Base */ = {isa = PBXFileReference; lastKnownFileType = file.storyboard; name = Base; path = Base.lproj/Main.storyboard; sourceTree = "<group>"; };
		924575071D602D2300A59374 /* Assets.xcassets */ = {isa = PBXFileReference; lastKnownFileType = folder.assetcatalog; path = Assets.xcassets; sourceTree = "<group>"; };
		9245750A1D602D2300A59374 /* Base */ = {isa = PBXFileReference; lastKnownFileType = file.storyboard; name = Base; path = Base.lproj/LaunchScreen.storyboard; sourceTree = "<group>"; };
		9245750C1D602D2300A59374 /* Info.plist */ = {isa = PBXFileReference; lastKnownFileType = text.plist.xml; path = Info.plist; sourceTree = "<group>"; };
/* End PBXFileReference section */

/* Begin PBXFrameworksBuildPhase section */
		924574F61D602D2200A59374 /* Frameworks */ = {
			isa = PBXFrameworksBuildPhase;
			buildActionMask = 2147483647;
			files = (
			);
			runOnlyForDeploymentPostprocessing = 0;
		};
/* End PBXFrameworksBuildPhase section */

/* Begin PBXGroup section */
		924574F01D602D2200A59374 = {
			isa = PBXGroup;
			children = (
				924574FB1D602D2200A59374 /* TheSimpleGame */,
				924574FA1D602D2200A59374 /* Products */,
			);
			sourceTree = "<group>";
		};
		924574FA1D602D2200A59374 /* Products */ = {
			isa = PBXGroup;
			children = (
				924574F91D602D2200A59374 /* TheSimpleGame.app */,
			);
			name = Products;
			sourceTree = "<group>";
		};
		924574FB1D602D2200A59374 /* TheSimpleGame */ = {
			isa = PBXGroup;
			children = (
				924574FC1D602D2300A59374 /* AppDelegate.swift */,
				924574FE1D602D2300A59374 /* GameScene.sks */,
				924575001D602D2300A59374 /* GameScene.swift */,
				924575021D602D2300A59374 /* GameViewController.swift */,
				924575041D602D2300A59374 /* Main.storyboard */,
				924575071D602D2300A59374 /* Assets.xcassets */,
				924575091D602D2300A59374 /* LaunchScreen.storyboard */,
				9245750C1D602D2300A59374 /* Info.plist */,
			);
			path = TheSimpleGame;
			sourceTree = "<group>";
		};
/* End PBXGroup section */

/* Begin PBXNativeTarget section */
		924574F81D602D2200A59374 /* TheSimpleGame */ = {
			isa = PBXNativeTarget;
			buildConfigurationList = 9245750F1D602D2300A59374 /* Build configuration list for PBXNativeTarget "TheSimpleGame" */;
			buildPhases = (
				924574F51D602D2200A59374 /* Sources */,
				924574F61D602D2200A59374 /* Frameworks */,
				924574F71D602D2200A59374 /* Resources */,
			);
			buildRules = (
			);
			dependencies = (
			);
			name = TheSimpleGame;
			productName = TheSimpleGame;
			productReference = 924574F91D602D2200A59374 /* TheSimpleGame.app */;
			productType = "com.apple.product-type.application";
		};
/* End PBXNativeTarget section */

/* Begin PBXProject section */
		924574F11D602D2200A59374 /* Project object */ = {
			isa = PBXProject;
			attributes = {
				LastSwiftUpdateCheck = 0730;
				LastUpgradeCheck = 0730;
				ORGANIZATIONNAME = "Aryan Rajput";
				TargetAttributes = {
					924574F81D602D2200A59374 = {
						CreatedOnToolsVersion = 7.3.1;
					};
				};
			};
			buildConfigurationList = 924574F41D602D2200A59374 /* Build configuration list for PBXProject "TheSimpleGame" */;
			compatibilityVersion = "Xcode 3.2";
			developmentRegion = English;
			hasScannedForEncodings = 0;
			knownRegions = (
				en,
				Base,
			);
			mainGroup = 924574F01D602D2200A59374;
			productRefGroup = 924574FA1D602D2200A59374 /* Products */;
			projectDirPath = "";
			projectRoot = "";
			targets = (
				924574F81D602D2200A59374 /* TheSimpleGame */,
			);
		};
/* End PBXProject section */

/* Begin PBXResourcesBuildPhase section */
		924574F71D602D2200A59374 /* Resources */ = {
			isa = PBXResourcesBuildPhase;
			buildActionMask = 2147483647;
			files = (
				924574FF1D602D2300A59374 /* GameScene.sks in Resources */,
				9245750B1D602D2300A59374 /* LaunchScreen.storyboard in Resources */,
				924575081D602D2300A59374 /* Assets.xcassets in Resources */,
				924575061D602D2300A59374 /* Main.storyboard in Resources */,
			);
			runOnlyForDeploymentPostprocessing = 0;
		};
/* End PBXResourcesBuildPhase section */

/* Begin PBXSourcesBuildPhase section */
		924574F51D602D2200A59374 /* Sources */ = {
			isa = PBXSourcesBuildPhase;
			buildActionMask = 2147483647;
			files = (
				924575011D602D2300A59374 /* GameScene.swift in Sources */,
				924575031D602D2300A59374 /* GameViewController.swift in Sources */,
				924574FD1D602D2300A59374 /* AppDelegate.swift in Sources */,
			);
			runOnlyForDeploymentPostprocessing = 0;
		};
/* End PBXSourcesBuildPhase section */

/* Begin PBXVariantGroup section */
		924575041D602D2300A59374 /* Main.storyboard */ = {
			isa = PBXVariantGroup;
			children = (
				924575051D602D2300A59374 /* Base */,
			);
			name = Main.storyboard;
			sourceTree = "<group>";
		};
		924575091D602D2300A59374 /* LaunchScreen.storyboard */ = {
			isa = PBXVariantGroup;
			children = (
				9245750A1D602D2300A59374 /* Base */,
			);
			name = LaunchScreen.storyboard;
			sourceTree = "<group>";
		};
/* End PBXVariantGroup section */

/* Begin XCBuildConfiguration section */
		9245750D1D602D2300A59374 /* Debug */ = {
			isa = XCBuildConfiguration;
			buildSettings = {
				ALWAYS_SEARCH_USER_PATHS = NO;
				CLANG_ANALYZER_NONNULL = YES;
				CLANG_CXX_LANGUAGE_STANDARD = "gnu++0x";
				CLANG_CXX_LIBRARY = "libc++";
				CLANG_ENABLE_MODULES = YES;
				CLANG_ENABLE_OBJC_ARC = YES;
				CLANG_WARN_BOOL_CONVERSION = YES;
				CLANG_WARN_CONSTANT_CONVERSION = YES;
				CLANG_WARN_DIRECT_OBJC_ISA_USAGE = YES_ERROR;
				CLANG_WARN_EMPTY_BODY = YES;
				CLANG_WARN_ENUM_CONVERSION = YES;
				CLANG_WARN_INT_CONVERSION = YES;
				CLANG_WARN_OBJC_ROOT_CLASS = YES_ERROR;
				CLANG_WARN_UNREACHABLE_CODE = YES;
				CLANG_WARN__DUPLICATE_METHOD_MATCH = YES;
				"CODE_SIGN_IDENTITY[sdk=iphoneos*]" = "iPhone Developer";
				COPY_PHASE_STRIP = NO;
				DEBUG_INFORMATION_FORMAT = "dwarf-with-dsym";
				ENABLE_STRICT_OBJC_MSGSEND = YES;
				ENABLE_TESTABILITY = YES;
				GCC_C_LANGUAGE_STANDARD = gnu99;
				GCC_DYNAMIC_NO_PIC = NO;
				GCC_NO_COMMON_BLOCKS = YES;
				GCC_OPTIMIZATION_LEVEL = 0;
				GCC_PREPROCESSOR_DEFINITIONS = (
					"DEBUG=1",
					"$(inherited)",
				);
				GCC_WARN_64_TO_32_BIT_CONVERSION = YES;
				GCC_WARN_ABOUT_RETURN_TYPE = YES_ERROR;
				GCC_WARN_UNDECLARED_SELECTOR = YES;
				GCC_WARN_UNINITIALIZED_AUTOS = YES_AGGRESSIVE;
				GCC_WARN_UNUSED_FUNCTION = YES;
				GCC_WARN_UNUSED_VARIABLE = YES;
				IPHONEOS_DEPLOYMENT_TARGET = 9.3;
				MTL_ENABLE_DEBUG_INFO = YES;
				ONLY_ACTIVE_ARCH = YES;
				SDKROOT = iphoneos;
				SWIFT_OPTIMIZATION_LEVEL = "-Onone";
			};
			name = Debug;
		};
		9245750E1D602D2300A59374 /* Release */ = {
			isa = XCBuildConfiguration;
			buildSettings = {
				ALWAYS_SEARCH_USER_PATHS = NO;
				CLANG_ANALYZER_NONNULL = YES;
				CLANG_CXX_LANGUAGE_STANDARD = "gnu++0x";
				CLANG_CXX_LIBRARY = "libc++";
				CLANG_ENABLE_MODULES = YES;
				CLANG_ENABLE_OBJC_ARC = YES;
				CLANG_WARN_BOOL_CONVERSION = YES;
				CLANG_WARN_CONSTANT_CONVERSION = YES;
				CLANG_WARN_DIRECT_OBJC_ISA_USAGE = YES_ERROR;
				CLANG_WARN_EMPTY_BODY = YES;
				CLANG_WARN_ENUM_CONVERSION = YES;
				CLANG_WARN_INT_CONVERSION = YES;
				CLANG_WARN_OBJC_ROOT_CLASS = YES_ERROR;
				CLANG_WARN_UNREACHABLE_CODE = YES;
				CLANG_WARN__DUPLICATE_METHOD_MATCH = YES;
				"CODE_SIGN_IDENTITY[sdk=iphoneos*]" = "iPhone Developer";
				COPY_PHASE_STRIP = NO;
				DEBUG_INFORMATION_FORMAT = "dwarf-with-dsym";
				ENABLE_NS_ASSERTIONS = NO;
				ENABLE_STRICT_OBJC_MSGSEND = YES;
				GCC_C_LANGUAGE_STANDARD = gnu99;
				GCC_NO_COMMON_BLOCKS = YES;
				GCC_WARN_64_TO_32_BIT_CONVERSION = YES;
				GCC_WARN_ABOUT_RETURN_TYPE = YES_ERROR;
				GCC_WARN_UNDECLARED_SELECTOR = YES;
				GCC_WARN_UNINITIALIZED_AUTOS = YES_AGGRESSIVE;
				GCC_WARN_UNUSED_FUNCTION = YES;
				GCC_WARN_UNUSED_VARIABLE = YES;
				IPHONEOS_DEPLOYMENT_TARGET = 9.3;
				MTL_ENABLE_DEBUG_INFO = NO;
				SDKROOT = iphoneos;
				VALIDATE_PRODUCT = YES;
			};
			name = Release;
		};
		924575101D602D2300A59374 /* Debug */ = {
			isa = XCBuildConfiguration;
			buildSettings = {
				ASSETCATALOG_COMPILER_APPICON_NAME = AppIcon;
				INFOPLIST_FILE = TheSimpleGame/Info.plist;
				LD_RUNPATH_SEARCH_PATHS = "$(inherited) @executable_path/Frameworks";
				PRODUCT_BUNDLE_IDENTIFIER = com.aryan.TheSimpleGame;
				PRODUCT_NAME = "$(TARGET_NAME)";
			};
			name = Debug;
		};
		924575111D602D2300A59374 /* Release */ = {
			isa = XCBuildConfiguration;
			buildSettings = {
				ASSETCATALOG_COMPILER_APPICON_NAME = AppIcon;
				INFOPLIST_FILE = TheSimpleGame/Info.plist;
				LD_RUNPATH_SEARCH_PATHS = "$(inherited) @executable_path/Frameworks";
				PRODUCT_BUNDLE_IDENTIFIER = com.aryan.TheSimpleGame;
				PRODUCT_NAME = "$(TARGET_NAME)";
			};
			name = Release;
		};
/* End XCBuildConfiguration section */

/* Begin XCConfigurationList section */
		924574F41D602D2200A59374 /* Build configuration list for PBXProject "TheSimpleGame" */ = {
			isa = XCConfigurationList;
			buildConfigurations = (
				9245750D1D602D2300A59374 /* Debug */,
				9245750E1D602D2300A59374 /* Release */,
			);
			defaultConfigurationIsVisible = 0;
			defaultConfigurationName = Release;
		};
		9245750F1D602D2300A59374 /* Build configuration list for PBXNativeTarget "TheSimpleGame" */ = {
			isa = XCConfigurationList;
			buildConfigurations = (
				924575101D602D2300A59374 /* Debug */,
				924575111D602D2300A59374 /* Release */,
			);
			defaultConfigurationIsVisible = 0;
		};
/* End XCConfigurationList section */
	};
	rootObject = 924574F11D602D2200A59374 /* Project object */;
}
